version = 1
revision = 3
requires-python = "==3.13.*"

[[package]]
name = "aiohappyeyeballs"
version = "2.4.3"
source = { registry = "https://pypi.org/simple" }
sdist = { url = "https://files.pythonhosted.org/packages/bc/69/2f6d5a019bd02e920a3417689a89887b39ad1e350b562f9955693d900c40/aiohappyeyeballs-2.4.3.tar.gz", hash = "sha256:75cf88a15106a5002a8eb1dab212525c00d1f4c0fa96e551c9fbe6f09a621586", size = 21809, upload-time = "2024-09-30T19:42:27.764Z" }
wheels = [
    { url = "https://files.pythonhosted.org/packages/f7/d8/120cd0fe3e8530df0539e71ba9683eade12cae103dd7543e50d15f737917/aiohappyeyeballs-2.4.3-py3-none-any.whl", hash = "sha256:8a7a83727b2756f394ab2895ea0765a0a8c475e3c71e98d43d76f22b4b435572", size = 14742, upload-time = "2024-09-30T19:42:26.093Z" },
]

[[package]]
name = "aiohttp"
version = "3.10.8"
source = { registry = "https://pypi.org/simple" }
dependencies = [
    { name = "aiohappyeyeballs" },
    { name = "aiosignal" },
    { name = "attrs" },
    { name = "frozenlist" },
    { name = "multidict" },
    { name = "yarl" },
]
sdist = { url = "https://files.pythonhosted.org/packages/4e/05/da5ff89c85444a6ade9079e73580fb3f78c6ba0e170a2472f15400d03e02/aiohttp-3.10.8.tar.gz", hash = "sha256:21f8225f7dc187018e8433c9326be01477fb2810721e048b33ac49091b19fb4a", size = 7540022, upload-time = "2024-09-28T21:43:39.95Z" }
wheels = [
    { url = "https://files.pythonhosted.org/packages/9f/dd/3d944769ed65d3d245f8f976040654b3eae2e21d05c81f91fb450365bddf/aiohttp-3.10.8-cp313-cp313-macosx_10_13_universal2.whl", hash = "sha256:b1a012677b8e0a39e181e218de47d6741c5922202e3b0b65e412e2ce47c39337", size = 575934, upload-time = "2024-09-28T21:42:05.435Z" },
    { url = "https://files.pythonhosted.org/packages/2a/bf/a6a1d14b0e5f90d53b1f0850204f9fafdfec7c1d99dda8aaea1dd93ba181/aiohttp-3.10.8-cp313-cp313-macosx_10_13_x86_64.whl", hash = "sha256:2df786c96c57cd6b87156ba4c5f166af7b88f3fc05f9d592252fdc83d8615a3c", size = 391728, upload-time = "2024-09-28T21:42:07.418Z" },
    { url = "https://files.pythonhosted.org/packages/0e/1b/27cc6efa6ca3e563973c7e03e8b7e26b75b4046aefea991bad42c028a906/aiohttp-3.10.8-cp313-cp313-macosx_11_0_arm64.whl", hash = "sha256:8885ca09d3a9317219c0831276bfe26984b17b2c37b7bf70dd478d17092a4772", size = 387247, upload-time = "2024-09-28T21:42:08.953Z" },
    { url = "https://files.pythonhosted.org/packages/ae/fd/235401bd4a98ea31cdda7b3822921e2a9cbc3ca0af1958a12a2709261735/aiohttp-3.10.8-cp313-cp313-manylinux_2_17_aarch64.manylinux2014_aarch64.whl", hash = "sha256:4dbf252ac19860e0ab56cd480d2805498f47c5a2d04f5995d8d8a6effd04b48c", size = 1286909, upload-time = "2024-09-28T21:42:10.537Z" },
    { url = "https://files.pythonhosted.org/packages/ab/1c/8ae6b12be2ae88e94be34d96765d6cc820d61d320f33c0423de8af0cfa47/aiohttp-3.10.8-cp313-cp313-manylinux_2_17_ppc64le.manylinux2014_ppc64le.whl", hash = "sha256:3b2036479b6b94afaaca7d07b8a68dc0e67b0caf5f6293bb6a5a1825f5923000", size = 1323446, upload-time = "2024-09-28T21:42:12.154Z" },
    { url = "https://files.pythonhosted.org/packages/23/09/5ebe3a2dbdd008711b659dc2f2a6135bbc055b6c8869688083f4bec6b50a/aiohttp-3.10.8-cp313-cp313-manylinux_2_17_s390x.manylinux2014_s390x.whl", hash = "sha256:365783e1b7c40b59ed4ce2b5a7491bae48f41cd2c30d52647a5b1ee8604c68ad", size = 1368237, upload-time = "2024-09-28T21:42:13.754Z" },
    { url = "https://files.pythonhosted.org/packages/47/22/f184c27d03d34ce71e6d4b9976a4ff845d091b725f174b09f641e4a28f63/aiohttp-3.10.8-cp313-cp313-manylinux_2_17_x86_64.manylinux2014_x86_64.whl", hash = "sha256:270e653b5a4b557476a1ed40e6b6ce82f331aab669620d7c95c658ef976c9c5e", size = 1282598, upload-time = "2024-09-28T21:42:15.414Z" },
    { url = "https://files.pythonhosted.org/packages/82/f6/bae1703bfacb19bb35e3522632fc5279793070625a0b5e567b109c0f0e8d/aiohttp-3.10.8-cp313-cp313-manylinux_2_5_i686.manylinux1_i686.manylinux_2_17_i686.manylinux2014_i686.whl", hash = "sha256:8960fabc20bfe4fafb941067cda8e23c8c17c98c121aa31c7bf0cdab11b07842", size = 1236350, upload-time = "2024-09-28T21:42:17.13Z" },
    { url = "https://files.pythonhosted.org/packages/a4/bc/ad73aced93836b8749c70e617c5d389d17a36da9ee220cdb0804f803bd9b/aiohttp-3.10.8-cp313-cp313-musllinux_1_2_aarch64.whl", hash = "sha256:f21e8f2abed9a44afc3d15bba22e0dfc71e5fa859bea916e42354c16102b036f", size = 1250172, upload-time = "2024-09-28T21:42:19.905Z" },
    { url = "https://files.pythonhosted.org/packages/3b/18/027a8497caf3a9c247477831d67ede58e1e42a92fd635ecdb74cf5d45c8b/aiohttp-3.10.8-cp313-cp313-musllinux_1_2_i686.whl", hash = "sha256:fecd55e7418fabd297fd836e65cbd6371aa4035a264998a091bbf13f94d9c44d", size = 1248783, upload-time = "2024-09-28T21:42:21.585Z" },
    { url = "https://files.pythonhosted.org/packages/6f/d2/5080c27b656e6d478e820752d633d7a4dab4a2c4fd23a6f645b553fb9da5/aiohttp-3.10.8-cp313-cp313-musllinux_1_2_ppc64le.whl", hash = "sha256:badb51d851358cd7535b647bb67af4854b64f3c85f0d089c737f75504d5910ec", size = 1293209, upload-time = "2024-09-28T21:42:25.176Z" },
    { url = "https://files.pythonhosted.org/packages/ae/ec/c38c8690e804cb9bf3e8c473a4a7bb339ed549cd63c469f19995269ca9ec/aiohttp-3.10.8-cp313-cp313-musllinux_1_2_s390x.whl", hash = "sha256:e860985f30f3a015979e63e7ba1a391526cdac1b22b7b332579df7867848e255", size = 1319943, upload-time = "2024-09-28T21:42:27.377Z" },
    { url = "https://files.pythonhosted.org/packages/df/55/d6e3a13c3f37ad7a3e60a377c96541261c1943837d240f1ab2151a96da6b/aiohttp-3.10.8-cp313-cp313-musllinux_1_2_x86_64.whl", hash = "sha256:71462f8eeca477cbc0c9700a9464e3f75f59068aed5e9d4a521a103692da72dc", size = 1281380, upload-time = "2024-09-28T21:42:29.121Z" },
    { url = "https://files.pythonhosted.org/packages/c3/31/0b84027487fa58a124251b47f9dca781e4777a50d1c4eea4d3fc8950bd10/aiohttp-3.10.8-cp313-cp313-win32.whl", hash = "sha256:177126e971782769b34933e94fddd1089cef0fe6b82fee8a885e539f5b0f0c6a", size = 357352, upload-time = "2024-09-28T21:42:31.042Z" },
    { url = "https://files.pythonhosted.org/packages/cb/8a/b4f3a8d0fb7f4fdb3869db6c3334e23e11878123605579e067be85f7e01f/aiohttp-3.10.8-cp313-cp313-win_amd64.whl", hash = "sha256:98a4eb60e27033dee9593814ca320ee8c199489fbc6b2699d0f710584db7feb7", size = 376618, upload-time = "2024-09-28T21:42:32.786Z" },
]

[[package]]
name = "aiosignal"
version = "1.3.1"
source = { registry = "https://pypi.org/simple" }
dependencies = [
    { name = "frozenlist" },
]
sdist = { url = "https://files.pythonhosted.org/packages/ae/67/0952ed97a9793b4958e5736f6d2b346b414a2cd63e82d05940032f45b32f/aiosignal-1.3.1.tar.gz", hash = "sha256:54cd96e15e1649b75d6c87526a6ff0b6c1b0dd3459f43d9ca11d48c339b68cfc", size = 19422, upload-time = "2022-11-08T16:03:58.806Z" }
wheels = [
    { url = "https://files.pythonhosted.org/packages/76/ac/a7305707cb852b7e16ff80eaf5692309bde30e2b1100a1fcacdc8f731d97/aiosignal-1.3.1-py3-none-any.whl", hash = "sha256:f8376fb07dd1e86a584e4fcdec80b36b7f81aac666ebc724e2c090300dd83b17", size = 7617, upload-time = "2022-11-08T16:03:57.483Z" },
]

[[package]]
name = "annotated-types"
version = "0.7.0"
source = { registry = "https://pypi.org/simple" }
sdist = { url = "https://files.pythonhosted.org/packages/ee/67/531ea369ba64dcff5ec9c3402f9f51bf748cec26dde048a2f973a4eea7f5/annotated_types-0.7.0.tar.gz", hash = "sha256:aff07c09a53a08bc8cfccb9c85b05f1aa9a2a6f23728d790723543408344ce89", size = 16081, upload-time = "2024-05-20T21:33:25.928Z" }
wheels = [
    { url = "https://files.pythonhosted.org/packages/78/b6/6307fbef88d9b5ee7421e68d78a9f162e0da4900bc5f5793f6d3d0e34fb8/annotated_types-0.7.0-py3-none-any.whl", hash = "sha256:1f02e8b43a8fbbc3f3e0d4f0f4bfc8131bcb4eebe8849b8e5c773f3a1c582a53", size = 13643, upload-time = "2024-05-20T21:33:24.1Z" },
]

[[package]]
name = "attrs"
version = "24.2.0"
source = { registry = "https://pypi.org/simple" }
sdist = { url = "https://files.pythonhosted.org/packages/fc/0f/aafca9af9315aee06a89ffde799a10a582fe8de76c563ee80bbcdc08b3fb/attrs-24.2.0.tar.gz", hash = "sha256:5cfb1b9148b5b086569baec03f20d7b6bf3bcacc9a42bebf87ffaaca362f6346", size = 792678, upload-time = "2024-08-06T14:37:38.364Z" }
wheels = [
    { url = "https://files.pythonhosted.org/packages/6a/21/5b6702a7f963e95456c0de2d495f67bf5fd62840ac655dc451586d23d39a/attrs-24.2.0-py3-none-any.whl", hash = "sha256:81921eb96de3191c8258c199618104dd27ac608d9366f5e35d011eae1867ede2", size = 63001, upload-time = "2024-08-06T14:37:36.958Z" },
]

[[package]]
name = "certifi"
version = "2024.8.30"
source = { registry = "https://pypi.org/simple" }
sdist = { url = "https://files.pythonhosted.org/packages/b0/ee/9b19140fe824b367c04c5e1b369942dd754c4c5462d5674002f75c4dedc1/certifi-2024.8.30.tar.gz", hash = "sha256:bec941d2aa8195e248a60b31ff9f0558284cf01a52591ceda73ea9afffd69fd9", size = 168507, upload-time = "2024-08-30T01:55:04.365Z" }
wheels = [
    { url = "https://files.pythonhosted.org/packages/12/90/3c9ff0512038035f59d279fddeb79f5f1eccd8859f06d6163c58798b9487/certifi-2024.8.30-py3-none-any.whl", hash = "sha256:922820b53db7a7257ffbda3f597266d435245903d80737e34f8a45ff3e3230d8", size = 167321, upload-time = "2024-08-30T01:55:02.591Z" },
]

[[package]]
name = "charset-normalizer"
version = "3.3.2"
source = { registry = "https://pypi.org/simple" }
sdist = { url = "https://files.pythonhosted.org/packages/63/09/c1bc53dab74b1816a00d8d030de5bf98f724c52c1635e07681d312f20be8/charset-normalizer-3.3.2.tar.gz", hash = "sha256:f30c3cb33b24454a82faecaf01b19c18562b1e89558fb6c56de4d9118a032fd5", size = 104809, upload-time = "2023-11-01T04:04:59.997Z" }
wheels = [
    { url = "https://files.pythonhosted.org/packages/28/76/e6222113b83e3622caa4bb41032d0b1bf785250607392e1b778aca0b8a7d/charset_normalizer-3.3.2-py3-none-any.whl", hash = "sha256:3e4d1f6587322d2788836a99c69062fbb091331ec940e02d12d179c1d53e25fc", size = 48543, upload-time = "2023-11-01T04:04:58.622Z" },
]

[[package]]
name = "colorama"
version = "0.4.6"
source = { registry = "https://pypi.org/simple" }
sdist = { url = "https://files.pythonhosted.org/packages/d8/53/6f443c9a4a8358a93a6792e2acffb9d9d5cb0a5cfd8802644b7b1c9a02e4/colorama-0.4.6.tar.gz", hash = "sha256:08695f5cb7ed6e0531a20572697297273c47b8cae5a63ffc6d6ed5c201be6e44", size = 27697, upload-time = "2022-10-25T02:36:22.414Z" }
wheels = [
    { url = "https://files.pythonhosted.org/packages/d1/d6/3965ed04c63042e047cb6a3e6ed1a63a35087b6a609aa3a15ed8ac56c221/colorama-0.4.6-py2.py3-none-any.whl", hash = "sha256:4f1d9991f5acc0ca119f9d443620b77f9d6b33703e51011c16baf57afb285fc6", size = 25335, upload-time = "2022-10-25T02:36:20.889Z" },
]

[[package]]
name = "coverage"
version = "7.6.1"
source = { registry = "https://pypi.org/simple" }
sdist = { url = "https://files.pythonhosted.org/packages/f7/08/7e37f82e4d1aead42a7443ff06a1e406aabf7302c4f00a546e4b320b994c/coverage-7.6.1.tar.gz", hash = "sha256:953510dfb7b12ab69d20135a0662397f077c59b1e6379a768e97c59d852ee51d", size = 798791, upload-time = "2024-08-04T19:45:30.9Z" }
wheels = [
    { url = "https://files.pythonhosted.org/packages/8c/f9/9aa4dfb751cb01c949c990d136a0f92027fbcc5781c6e921df1cb1563f20/coverage-7.6.1-cp313-cp313-macosx_10_13_x86_64.whl", hash = "sha256:a4acd025ecc06185ba2b801f2de85546e0b8ac787cf9d3b06e7e2a69f925b106", size = 207007, upload-time = "2024-08-04T19:44:09.453Z" },
    { url = "https://files.pythonhosted.org/packages/b9/67/e1413d5a8591622a46dd04ff80873b04c849268831ed5c304c16433e7e30/coverage-7.6.1-cp313-cp313-macosx_11_0_arm64.whl", hash = "sha256:a6d3adcf24b624a7b778533480e32434a39ad8fa30c315208f6d3e5542aeb6e9", size = 207269, upload-time = "2024-08-04T19:44:11.045Z" },
    { url = "https://files.pythonhosted.org/packages/14/5b/9dec847b305e44a5634d0fb8498d135ab1d88330482b74065fcec0622224/coverage-7.6.1-cp313-cp313-manylinux_2_17_aarch64.manylinux2014_aarch64.whl", hash = "sha256:d0c212c49b6c10e6951362f7c6df3329f04c2b1c28499563d4035d964ab8e08c", size = 239886, upload-time = "2024-08-04T19:44:12.83Z" },
    { url = "https://files.pythonhosted.org/packages/7b/b7/35760a67c168e29f454928f51f970342d23cf75a2bb0323e0f07334c85f3/coverage-7.6.1-cp313-cp313-manylinux_2_5_i686.manylinux1_i686.manylinux_2_17_i686.manylinux2014_i686.whl", hash = "sha256:6e81d7a3e58882450ec4186ca59a3f20a5d4440f25b1cff6f0902ad890e6748a", size = 237037, upload-time = "2024-08-04T19:44:15.393Z" },
    { url = "https://files.pythonhosted.org/packages/f7/95/d2fd31f1d638df806cae59d7daea5abf2b15b5234016a5ebb502c2f3f7ee/coverage-7.6.1-cp313-cp313-manylinux_2_5_x86_64.manylinux1_x86_64.manylinux_2_17_x86_64.manylinux2014_x86_64.whl", hash = "sha256:78b260de9790fd81e69401c2dc8b17da47c8038176a79092a89cb2b7d945d060", size = 239038, upload-time = "2024-08-04T19:44:17.466Z" },
    { url = "https://files.pythonhosted.org/packages/6e/bd/110689ff5752b67924efd5e2aedf5190cbbe245fc81b8dec1abaffba619d/coverage-7.6.1-cp313-cp313-musllinux_1_2_aarch64.whl", hash = "sha256:a78d169acd38300060b28d600344a803628c3fd585c912cacc9ea8790fe96862", size = 238690, upload-time = "2024-08-04T19:44:19.336Z" },
    { url = "https://files.pythonhosted.org/packages/d3/a8/08d7b38e6ff8df52331c83130d0ab92d9c9a8b5462f9e99c9f051a4ae206/coverage-7.6.1-cp313-cp313-musllinux_1_2_i686.whl", hash = "sha256:2c09f4ce52cb99dd7505cd0fc8e0e37c77b87f46bc9c1eb03fe3bc9991085388", size = 236765, upload-time = "2024-08-04T19:44:20.994Z" },
    { url = "https://files.pythonhosted.org/packages/d6/6a/9cf96839d3147d55ae713eb2d877f4d777e7dc5ba2bce227167d0118dfe8/coverage-7.6.1-cp313-cp313-musllinux_1_2_x86_64.whl", hash = "sha256:6878ef48d4227aace338d88c48738a4258213cd7b74fd9a3d4d7582bb1d8a155", size = 238611, upload-time = "2024-08-04T19:44:22.616Z" },
    { url = "https://files.pythonhosted.org/packages/74/e4/7ff20d6a0b59eeaab40b3140a71e38cf52547ba21dbcf1d79c5a32bba61b/coverage-7.6.1-cp313-cp313-win32.whl", hash = "sha256:44df346d5215a8c0e360307d46ffaabe0f5d3502c8a1cefd700b34baf31d411a", size = 209671, upload-time = "2024-08-04T19:44:24.418Z" },
    { url = "https://files.pythonhosted.org/packages/35/59/1812f08a85b57c9fdb6d0b383d779e47b6f643bc278ed682859512517e83/coverage-7.6.1-cp313-cp313-win_amd64.whl", hash = "sha256:8284cf8c0dd272a247bc154eb6c95548722dce90d098c17a883ed36e67cdb129", size = 210368, upload-time = "2024-08-04T19:44:26.276Z" },
    { url = "https://files.pythonhosted.org/packages/9c/15/08913be1c59d7562a3e39fce20661a98c0a3f59d5754312899acc6cb8a2d/coverage-7.6.1-cp313-cp313t-macosx_10_13_x86_64.whl", hash = "sha256:d3296782ca4eab572a1a4eca686d8bfb00226300dcefdf43faa25b5242ab8a3e", size = 207758, upload-time = "2024-08-04T19:44:29.028Z" },
    { url = "https://files.pythonhosted.org/packages/c4/ae/b5d58dff26cade02ada6ca612a76447acd69dccdbb3a478e9e088eb3d4b9/coverage-7.6.1-cp313-cp313t-macosx_11_0_arm64.whl", hash = "sha256:502753043567491d3ff6d08629270127e0c31d4184c4c8d98f92c26f65019962", size = 208035, upload-time = "2024-08-04T19:44:30.673Z" },
    { url = "https://files.pythonhosted.org/packages/b8/d7/62095e355ec0613b08dfb19206ce3033a0eedb6f4a67af5ed267a8800642/coverage-7.6.1-cp313-cp313t-manylinux_2_17_aarch64.manylinux2014_aarch64.whl", hash = "sha256:6a89ecca80709d4076b95f89f308544ec8f7b4727e8a547913a35f16717856cb", size = 250839, upload-time = "2024-08-04T19:44:32.412Z" },
    { url = "https://files.pythonhosted.org/packages/7c/1e/c2967cb7991b112ba3766df0d9c21de46b476d103e32bb401b1b2adf3380/coverage-7.6.1-cp313-cp313t-manylinux_2_5_i686.manylinux1_i686.manylinux_2_17_i686.manylinux2014_i686.whl", hash = "sha256:a318d68e92e80af8b00fa99609796fdbcdfef3629c77c6283566c6f02c6d6704", size = 246569, upload-time = "2024-08-04T19:44:34.547Z" },
    { url = "https://files.pythonhosted.org/packages/8b/61/a7a6a55dd266007ed3b1df7a3386a0d760d014542d72f7c2c6938483b7bd/coverage-7.6.1-cp313-cp313t-manylinux_2_5_x86_64.manylinux1_x86_64.manylinux_2_17_x86_64.manylinux2014_x86_64.whl", hash = "sha256:13b0a73a0896988f053e4fbb7de6d93388e6dd292b0d87ee51d106f2c11b465b", size = 248927, upload-time = "2024-08-04T19:44:36.313Z" },
    { url = "https://files.pythonhosted.org/packages/c8/fa/13a6f56d72b429f56ef612eb3bc5ce1b75b7ee12864b3bd12526ab794847/coverage-7.6.1-cp313-cp313t-musllinux_1_2_aarch64.whl", hash = "sha256:4421712dbfc5562150f7554f13dde997a2e932a6b5f352edcce948a815efee6f", size = 248401, upload-time = "2024-08-04T19:44:38.155Z" },
    { url = "https://files.pythonhosted.org/packages/75/06/0429c652aa0fb761fc60e8c6b291338c9173c6aa0f4e40e1902345b42830/coverage-7.6.1-cp313-cp313t-musllinux_1_2_i686.whl", hash = "sha256:166811d20dfea725e2e4baa71fffd6c968a958577848d2131f39b60043400223", size = 246301, upload-time = "2024-08-04T19:44:39.883Z" },
    { url = "https://files.pythonhosted.org/packages/52/76/1766bb8b803a88f93c3a2d07e30ffa359467810e5cbc68e375ebe6906efb/coverage-7.6.1-cp313-cp313t-musllinux_1_2_x86_64.whl", hash = "sha256:225667980479a17db1048cb2bf8bfb39b8e5be8f164b8f6628b64f78a72cf9d3", size = 247598, upload-time = "2024-08-04T19:44:41.59Z" },
    { url = "https://files.pythonhosted.org/packages/66/8b/f54f8db2ae17188be9566e8166ac6df105c1c611e25da755738025708d54/coverage-7.6.1-cp313-cp313t-win32.whl", hash = "sha256:170d444ab405852903b7d04ea9ae9b98f98ab6d7e63e1115e82620807519797f", size = 210307, upload-time = "2024-08-04T19:44:43.301Z" },
    { url = "https://files.pythonhosted.org/packages/9f/b0/e0dca6da9170aefc07515cce067b97178cefafb512d00a87a1c717d2efd5/coverage-7.6.1-cp313-cp313t-win_amd64.whl", hash = "sha256:b9f222de8cded79c49bf184bdbc06630d4c58eec9459b939b4a690c82ed05657", size = 211453, upload-time = "2024-08-04T19:44:45.677Z" },
]

[[package]]
name = "discord-py"
version = "2.4.0"
source = { registry = "https://pypi.org/simple" }
dependencies = [
    { name = "aiohttp" },
]
sdist = { url = "https://files.pythonhosted.org/packages/39/af/80cab4015722d3bee175509b7249a11d5adf77b5ff4c27f268558079d149/discord_py-2.4.0.tar.gz", hash = "sha256:d07cb2a223a185873a1d0ee78b9faa9597e45b3f6186df21a95cec1e9bcdc9a5", size = 1027707, upload-time = "2024-06-22T01:20:22.474Z" }
wheels = [
    { url = "https://files.pythonhosted.org/packages/23/10/3c44e9331a5ec3bae8b2919d51f611a5b94e179563b1b89eb6423a8f43eb/discord.py-2.4.0-py3-none-any.whl", hash = "sha256:b8af6711c70f7e62160bfbecb55be699b5cb69d007426759ab8ab06b1bd77d1d", size = 1125988, upload-time = "2024-06-22T01:20:19.764Z" },
]

[[package]]
name = "doob-bot"
version = "0.1.0"
source = { virtual = "." }
dependencies = [
    { name = "discord-py" },
    { name = "pydantic" },
    { name = "requests" },
]

[package.dev-dependencies]
dev = [
    { name = "coverage" },
    { name = "mypy" },
    { name = "pytest" },
    { name = "ruff" },
    { name = "types-requests" },
]

[package.metadata]
requires-dist = [
    { name = "discord-py", specifier = ">=2.4.0" },
    { name = "pydantic", specifier = ">=2.9.2" },
    { name = "requests", specifier = ">=2.32.3" },
]

[package.metadata.requires-dev]
dev = [
    { name = "coverage", specifier = ">=7.6.1" },
    { name = "mypy", specifier = ">=1.11.2" },
    { name = "pytest", specifier = ">=8.3.3" },
    { name = "ruff", specifier = ">=0.6.8" },
    { name = "types-requests", specifier = ">=2.32.0.20240914" },
]

[[package]]
name = "frozenlist"
version = "1.4.1"
source = { registry = "https://pypi.org/simple" }
sdist = { url = "https://files.pythonhosted.org/packages/cf/3d/2102257e7acad73efc4a0c306ad3953f68c504c16982bbdfee3ad75d8085/frozenlist-1.4.1.tar.gz", hash = "sha256:c037a86e8513059a2613aaba4d817bb90b9d9b6b69aace3ce9c877e8c8ed402b", size = 37820, upload-time = "2023-12-15T08:42:23.355Z" }
wheels = [
    { url = "https://files.pythonhosted.org/packages/83/10/466fe96dae1bff622021ee687f68e5524d6392b0a2f80d05001cd3a451ba/frozenlist-1.4.1-py3-none-any.whl", hash = "sha256:04ced3e6a46b4cfffe20f9ae482818e34eba9b5fb0ce4056e4cc9b6e212d09b7", size = 11552, upload-time = "2023-12-15T08:42:22.294Z" },
]

[[package]]
name = "idna"
version = "3.10"
source = { registry = "https://pypi.org/simple" }
sdist = { url = "https://files.pythonhosted.org/packages/f1/70/7703c29685631f5a7590aa73f1f1d3fa9a380e654b86af429e0934a32f7d/idna-3.10.tar.gz", hash = "sha256:12f65c9b470abda6dc35cf8e63cc574b1c52b11df2c86030af0ac09b01b13ea9", size = 190490, upload-time = "2024-09-15T18:07:39.745Z" }
wheels = [
    { url = "https://files.pythonhosted.org/packages/76/c6/c88e154df9c4e1a2a66ccf0005a88dfb2650c1dffb6f5ce603dfbd452ce3/idna-3.10-py3-none-any.whl", hash = "sha256:946d195a0d259cbba61165e88e65941f16e9b36ea6ddb97f00452bae8b1287d3", size = 70442, upload-time = "2024-09-15T18:07:37.964Z" },
]

[[package]]
name = "iniconfig"
version = "2.0.0"
source = { registry = "https://pypi.org/simple" }
sdist = { url = "https://files.pythonhosted.org/packages/d7/4b/cbd8e699e64a6f16ca3a8220661b5f83792b3017d0f79807cb8708d33913/iniconfig-2.0.0.tar.gz", hash = "sha256:2d91e135bf72d31a410b17c16da610a82cb55f6b0477d1a902134b24a455b8b3", size = 4646, upload-time = "2023-01-07T11:08:11.254Z" }
wheels = [
    { url = "https://files.pythonhosted.org/packages/ef/a6/62565a6e1cf69e10f5727360368e451d4b7f58beeac6173dc9db836a5b46/iniconfig-2.0.0-py3-none-any.whl", hash = "sha256:b6a85871a79d2e3b22d2d1b94ac2824226a63c6b741c88f7ae975f18b6778374", size = 5892, upload-time = "2023-01-07T11:08:09.864Z" },
]

[[package]]
name = "multidict"
version = "6.1.0"
source = { registry = "https://pypi.org/simple" }
sdist = { url = "https://files.pythonhosted.org/packages/d6/be/504b89a5e9ca731cd47487e91c469064f8ae5af93b7259758dcfc2b9c848/multidict-6.1.0.tar.gz", hash = "sha256:22ae2ebf9b0c69d206c003e2f6a914ea33f0a932d4aa16f236afc049d9958f4a", size = 64002, upload-time = "2024-09-09T23:49:38.163Z" }
wheels = [
    { url = "https://files.pythonhosted.org/packages/22/67/1c7c0f39fe069aa4e5d794f323be24bf4d33d62d2a348acdb7991f8f30db/multidict-6.1.0-cp313-cp313-macosx_10_13_universal2.whl", hash = "sha256:d569388c381b24671589335a3be6e1d45546c2988c2ebe30fdcada8457a31008", size = 48771, upload-time = "2024-09-09T23:48:24.594Z" },
    { url = "https://files.pythonhosted.org/packages/3c/25/c186ee7b212bdf0df2519eacfb1981a017bda34392c67542c274651daf23/multidict-6.1.0-cp313-cp313-macosx_10_13_x86_64.whl", hash = "sha256:052e10d2d37810b99cc170b785945421141bf7bb7d2f8799d431e7db229c385f", size = 29533, upload-time = "2024-09-09T23:48:26.187Z" },
    { url = "https://files.pythonhosted.org/packages/67/5e/04575fd837e0958e324ca035b339cea174554f6f641d3fb2b4f2e7ff44a2/multidict-6.1.0-cp313-cp313-macosx_11_0_arm64.whl", hash = "sha256:f90c822a402cb865e396a504f9fc8173ef34212a342d92e362ca498cad308e28", size = 29595, upload-time = "2024-09-09T23:48:27.305Z" },
    { url = "https://files.pythonhosted.org/packages/d3/b2/e56388f86663810c07cfe4a3c3d87227f3811eeb2d08450b9e5d19d78876/multidict-6.1.0-cp313-cp313-manylinux_2_17_aarch64.manylinux2014_aarch64.whl", hash = "sha256:b225d95519a5bf73860323e633a664b0d85ad3d5bede6d30d95b35d4dfe8805b", size = 130094, upload-time = "2024-09-09T23:48:28.544Z" },
    { url = "https://files.pythonhosted.org/packages/6c/ee/30ae9b4186a644d284543d55d491fbd4239b015d36b23fea43b4c94f7052/multidict-6.1.0-cp313-cp313-manylinux_2_17_ppc64le.manylinux2014_ppc64le.whl", hash = "sha256:23bfd518810af7de1116313ebd9092cb9aa629beb12f6ed631ad53356ed6b86c", size = 134876, upload-time = "2024-09-09T23:48:30.098Z" },
    { url = "https://files.pythonhosted.org/packages/84/c7/70461c13ba8ce3c779503c70ec9d0345ae84de04521c1f45a04d5f48943d/multidict-6.1.0-cp313-cp313-manylinux_2_17_s390x.manylinux2014_s390x.whl", hash = "sha256:5c09fcfdccdd0b57867577b719c69e347a436b86cd83747f179dbf0cc0d4c1f3", size = 133500, upload-time = "2024-09-09T23:48:31.793Z" },
    { url = "https://files.pythonhosted.org/packages/4a/9f/002af221253f10f99959561123fae676148dd730e2daa2cd053846a58507/multidict-6.1.0-cp313-cp313-manylinux_2_17_x86_64.manylinux2014_x86_64.whl", hash = "sha256:bf6bea52ec97e95560af5ae576bdac3aa3aae0b6758c6efa115236d9e07dae44", size = 131099, upload-time = "2024-09-09T23:48:33.193Z" },
    { url = "https://files.pythonhosted.org/packages/82/42/d1c7a7301d52af79d88548a97e297f9d99c961ad76bbe6f67442bb77f097/multidict-6.1.0-cp313-cp313-manylinux_2_5_i686.manylinux1_i686.manylinux_2_17_i686.manylinux2014_i686.whl", hash = "sha256:57feec87371dbb3520da6192213c7d6fc892d5589a93db548331954de8248fd2", size = 120403, upload-time = "2024-09-09T23:48:34.942Z" },
    { url = "https://files.pythonhosted.org/packages/68/f3/471985c2c7ac707547553e8f37cff5158030d36bdec4414cb825fbaa5327/multidict-6.1.0-cp313-cp313-musllinux_1_2_aarch64.whl", hash = "sha256:0c3f390dc53279cbc8ba976e5f8035eab997829066756d811616b652b00a23a3", size = 125348, upload-time = "2024-09-09T23:48:36.222Z" },
    { url = "https://files.pythonhosted.org/packages/67/2c/e6df05c77e0e433c214ec1d21ddd203d9a4770a1f2866a8ca40a545869a0/multidict-6.1.0-cp313-cp313-musllinux_1_2_i686.whl", hash = "sha256:59bfeae4b25ec05b34f1956eaa1cb38032282cd4dfabc5056d0a1ec4d696d3aa", size = 119673, upload-time = "2024-09-09T23:48:37.588Z" },
    { url = "https://files.pythonhosted.org/packages/c5/cd/bc8608fff06239c9fb333f9db7743a1b2eafe98c2666c9a196e867a3a0a4/multidict-6.1.0-cp313-cp313-musllinux_1_2_ppc64le.whl", hash = "sha256:b2f59caeaf7632cc633b5cf6fc449372b83bbdf0da4ae04d5be36118e46cc0aa", size = 129927, upload-time = "2024-09-09T23:48:39.128Z" },
    { url = "https://files.pythonhosted.org/packages/44/8e/281b69b7bc84fc963a44dc6e0bbcc7150e517b91df368a27834299a526ac/multidict-6.1.0-cp313-cp313-musllinux_1_2_s390x.whl", hash = "sha256:37bb93b2178e02b7b618893990941900fd25b6b9ac0fa49931a40aecdf083fe4", size = 128711, upload-time = "2024-09-09T23:48:40.55Z" },
    { url = "https://files.pythonhosted.org/packages/12/a4/63e7cd38ed29dd9f1881d5119f272c898ca92536cdb53ffe0843197f6c85/multidict-6.1.0-cp313-cp313-musllinux_1_2_x86_64.whl", hash = "sha256:4e9f48f58c2c523d5a06faea47866cd35b32655c46b443f163d08c6d0ddb17d6", size = 125519, upload-time = "2024-09-09T23:48:42.446Z" },
    { url = "https://files.pythonhosted.org/packages/38/e0/4f5855037a72cd8a7a2f60a3952d9aa45feedb37ae7831642102604e8a37/multidict-6.1.0-cp313-cp313-win32.whl", hash = "sha256:3a37ffb35399029b45c6cc33640a92bef403c9fd388acce75cdc88f58bd19a81", size = 26426, upload-time = "2024-09-09T23:48:43.936Z" },
    { url = "https://files.pythonhosted.org/packages/7e/a5/17ee3a4db1e310b7405f5d25834460073a8ccd86198ce044dfaf69eac073/multidict-6.1.0-cp313-cp313-win_amd64.whl", hash = "sha256:e9aa71e15d9d9beaad2c6b9319edcdc0a49a43ef5c0a4c8265ca9ee7d6c67774", size = 28531, upload-time = "2024-09-09T23:48:45.122Z" },
    { url = "https://files.pythonhosted.org/packages/99/b7/b9e70fde2c0f0c9af4cc5277782a89b66d35948ea3369ec9f598358c3ac5/multidict-6.1.0-py3-none-any.whl", hash = "sha256:48e171e52d1c4d33888e529b999e5900356b9ae588c2f09a52dcefb158b27506", size = 10051, upload-time = "2024-09-09T23:49:36.506Z" },
]

[[package]]
name = "mypy"
version = "1.11.2"
source = { registry = "https://pypi.org/simple" }
dependencies = [
    { name = "mypy-extensions" },
    { name = "typing-extensions" },
]
sdist = { url = "https://files.pythonhosted.org/packages/5c/86/5d7cbc4974fd564550b80fbb8103c05501ea11aa7835edf3351d90095896/mypy-1.11.2.tar.gz", hash = "sha256:7f9993ad3e0ffdc95c2a14b66dee63729f021968bff8ad911867579c65d13a79", size = 3078806, upload-time = "2024-08-24T22:50:11.357Z" }
wheels = [
    { url = "https://files.pythonhosted.org/packages/42/3a/bdf730640ac523229dd6578e8a581795720a9321399de494374afc437ec5/mypy-1.11.2-py3-none-any.whl", hash = "sha256:b499bc07dbdcd3de92b0a8b29fdf592c111276f6a12fe29c30f6c417dd546d12", size = 2619625, upload-time = "2024-08-24T22:50:01.842Z" },
]

[[package]]
name = "mypy-extensions"
version = "1.0.0"
source = { registry = "https://pypi.org/simple" }
sdist = { url = "https://files.pythonhosted.org/packages/98/a4/1ab47638b92648243faf97a5aeb6ea83059cc3624972ab6b8d2316078d3f/mypy_extensions-1.0.0.tar.gz", hash = "sha256:75dbf8955dc00442a438fc4d0666508a9a97b6bd41aa2f0ffe9d2f2725af0782", size = 4433, upload-time = "2023-02-04T12:11:27.157Z" }
wheels = [
    { url = "https://files.pythonhosted.org/packages/2a/e2/5d3f6ada4297caebe1a2add3b126fe800c96f56dbe5d1988a2cbe0b267aa/mypy_extensions-1.0.0-py3-none-any.whl", hash = "sha256:4392f6c0eb8a5668a69e23d168ffa70f0be9ccfd32b5cc2d26a34ae5b844552d", size = 4695, upload-time = "2023-02-04T12:11:25.002Z" },
]

[[package]]
name = "packaging"
version = "24.1"
source = { registry = "https://pypi.org/simple" }
sdist = { url = "https://files.pythonhosted.org/packages/51/65/50db4dda066951078f0a96cf12f4b9ada6e4b811516bf0262c0f4f7064d4/packaging-24.1.tar.gz", hash = "sha256:026ed72c8ed3fcce5bf8950572258698927fd1dbda10a5e981cdf0ac37f4f002", size = 148788, upload-time = "2024-06-09T23:19:24.956Z" }
wheels = [
    { url = "https://files.pythonhosted.org/packages/08/aa/cc0199a5f0ad350994d660967a8efb233fe0416e4639146c089643407ce6/packaging-24.1-py3-none-any.whl", hash = "sha256:5b8f2217dbdbd2f7f384c41c628544e6d52f2d0f53c6d0c3ea61aa5d1d7ff124", size = 53985, upload-time = "2024-06-09T23:19:21.909Z" },
]

[[package]]
name = "pluggy"
version = "1.5.0"
source = { registry = "https://pypi.org/simple" }
sdist = { url = "https://files.pythonhosted.org/packages/96/2d/02d4312c973c6050a18b314a5ad0b3210edb65a906f868e31c111dede4a6/pluggy-1.5.0.tar.gz", hash = "sha256:2cffa88e94fdc978c4c574f15f9e59b7f4201d439195c3715ca9e2486f1d0cf1", size = 67955, upload-time = "2024-04-20T21:34:42.531Z" }
wheels = [
    { url = "https://files.pythonhosted.org/packages/88/5f/e351af9a41f866ac3f1fac4ca0613908d9a41741cfcf2228f4ad853b697d/pluggy-1.5.0-py3-none-any.whl", hash = "sha256:44e1ad92c8ca002de6377e165f3e0f1be63266ab4d554740532335b9d75ea669", size = 20556, upload-time = "2024-04-20T21:34:40.434Z" },
]

[[package]]
name = "pydantic"
version = "2.9.2"
source = { registry = "https://pypi.org/simple" }
dependencies = [
    { name = "annotated-types" },
    { name = "pydantic-core" },
    { name = "typing-extensions" },
]
sdist = { url = "https://files.pythonhosted.org/packages/a9/b7/d9e3f12af310e1120c21603644a1cd86f59060e040ec5c3a80b8f05fae30/pydantic-2.9.2.tar.gz", hash = "sha256:d155cef71265d1e9807ed1c32b4c8deec042a44a50a4188b25ac67ecd81a9c0f", size = 769917, upload-time = "2024-09-17T15:59:54.273Z" }
wheels = [
    { url = "https://files.pythonhosted.org/packages/df/e4/ba44652d562cbf0bf320e0f3810206149c8a4e99cdbf66da82e97ab53a15/pydantic-2.9.2-py3-none-any.whl", hash = "sha256:f048cec7b26778210e28a0459867920654d48e5e62db0958433636cde4254f12", size = 434928, upload-time = "2024-09-17T15:59:51.827Z" },
]

[[package]]
name = "pydantic-core"
version = "2.23.4"
source = { registry = "https://pypi.org/simple" }
dependencies = [
    { name = "typing-extensions" },
]
sdist = { url = "https://files.pythonhosted.org/packages/e2/aa/6b6a9b9f8537b872f552ddd46dd3da230367754b6f707b8e1e963f515ea3/pydantic_core-2.23.4.tar.gz", hash = "sha256:2584f7cf844ac4d970fba483a717dbe10c1c1c96a969bf65d61ffe94df1b2863", size = 402156, upload-time = "2024-09-16T16:06:44.786Z" }
wheels = [
    { url = "https://files.pythonhosted.org/packages/ad/ef/16ee2df472bf0e419b6bc68c05bf0145c49247a1095e85cee1463c6a44a1/pydantic_core-2.23.4-cp313-cp313-macosx_10_12_x86_64.whl", hash = "sha256:7530e201d10d7d14abce4fb54cfe5b94a0aefc87da539d0346a484ead376c3cc", size = 1856143, upload-time = "2024-09-16T16:04:59.062Z" },
    { url = "https://files.pythonhosted.org/packages/da/fa/bc3dbb83605669a34a93308e297ab22be82dfb9dcf88c6cf4b4f264e0a42/pydantic_core-2.23.4-cp313-cp313-macosx_11_0_arm64.whl", hash = "sha256:df933278128ea1cd77772673c73954e53a1c95a4fdf41eef97c2b779271bd0bd", size = 1770063, upload-time = "2024-09-16T16:05:00.522Z" },
    { url = "https://files.pythonhosted.org/packages/4e/48/e813f3bbd257a712303ebdf55c8dc46f9589ec74b384c9f652597df3288d/pydantic_core-2.23.4-cp313-cp313-manylinux_2_17_aarch64.manylinux2014_aarch64.whl", hash = "sha256:0cb3da3fd1b6a5d0279a01877713dbda118a2a4fc6f0d821a57da2e464793f05", size = 1790013, upload-time = "2024-09-16T16:05:02.619Z" },
    { url = "https://files.pythonhosted.org/packages/b4/e0/56eda3a37929a1d297fcab1966db8c339023bcca0b64c5a84896db3fcc5c/pydantic_core-2.23.4-cp313-cp313-manylinux_2_17_armv7l.manylinux2014_armv7l.whl", hash = "sha256:42c6dcb030aefb668a2b7009c85b27f90e51e6a3b4d5c9bc4c57631292015b0d", size = 1801077, upload-time = "2024-09-16T16:05:04.154Z" },
    { url = "https://files.pythonhosted.org/packages/04/be/5e49376769bfbf82486da6c5c1683b891809365c20d7c7e52792ce4c71f3/pydantic_core-2.23.4-cp313-cp313-manylinux_2_17_ppc64le.manylinux2014_ppc64le.whl", hash = "sha256:696dd8d674d6ce621ab9d45b205df149399e4bb9aa34102c970b721554828510", size = 1996782, upload-time = "2024-09-16T16:05:06.931Z" },
    { url = "https://files.pythonhosted.org/packages/bc/24/e3ee6c04f1d58cc15f37bcc62f32c7478ff55142b7b3e6d42ea374ea427c/pydantic_core-2.23.4-cp313-cp313-manylinux_2_17_s390x.manylinux2014_s390x.whl", hash = "sha256:2971bb5ffe72cc0f555c13e19b23c85b654dd2a8f7ab493c262071377bfce9f6", size = 2661375, upload-time = "2024-09-16T16:05:08.773Z" },
    { url = "https://files.pythonhosted.org/packages/c1/f8/11a9006de4e89d016b8de74ebb1db727dc100608bb1e6bbe9d56a3cbbcce/pydantic_core-2.23.4-cp313-cp313-manylinux_2_17_x86_64.manylinux2014_x86_64.whl", hash = "sha256:8394d940e5d400d04cad4f75c0598665cbb81aecefaca82ca85bd28264af7f9b", size = 2071635, upload-time = "2024-09-16T16:05:10.456Z" },
    { url = "https://files.pythonhosted.org/packages/7c/45/bdce5779b59f468bdf262a5bc9eecbae87f271c51aef628d8c073b4b4b4c/pydantic_core-2.23.4-cp313-cp313-manylinux_2_5_i686.manylinux1_i686.whl", hash = "sha256:0dff76e0602ca7d4cdaacc1ac4c005e0ce0dcfe095d5b5259163a80d3a10d327", size = 1916994, upload-time = "2024-09-16T16:05:12.051Z" },
    { url = "https://files.pythonhosted.org/packages/d8/fa/c648308fe711ee1f88192cad6026ab4f925396d1293e8356de7e55be89b5/pydantic_core-2.23.4-cp313-cp313-musllinux_1_1_aarch64.whl", hash = "sha256:7d32706badfe136888bdea71c0def994644e09fff0bfe47441deaed8e96fdbc6", size = 1968877, upload-time = "2024-09-16T16:05:14.021Z" },
    { url = "https://files.pythonhosted.org/packages/16/16/b805c74b35607d24d37103007f899abc4880923b04929547ae68d478b7f4/pydantic_core-2.23.4-cp313-cp313-musllinux_1_1_x86_64.whl", hash = "sha256:ed541d70698978a20eb63d8c5d72f2cc6d7079d9d90f6b50bad07826f1320f5f", size = 2116814, upload-time = "2024-09-16T16:05:15.684Z" },
    { url = "https://files.pythonhosted.org/packages/d1/58/5305e723d9fcdf1c5a655e6a4cc2a07128bf644ff4b1d98daf7a9dbf57da/pydantic_core-2.23.4-cp313-none-win32.whl", hash = "sha256:3d5639516376dce1940ea36edf408c554475369f5da2abd45d44621cb616f769", size = 1738360, upload-time = "2024-09-16T16:05:17.258Z" },
    { url = "https://files.pythonhosted.org/packages/a5/ae/e14b0ff8b3f48e02394d8acd911376b7b66e164535687ef7dc24ea03072f/pydantic_core-2.23.4-cp313-none-win_amd64.whl", hash = "sha256:5a1504ad17ba4210df3a045132a7baeeba5a200e930f57512ee02909fc5c4cb5", size = 1919411, upload-time = "2024-09-16T16:05:18.934Z" },
]

[[package]]
name = "pytest"
version = "8.3.3"
source = { registry = "https://pypi.org/simple" }
dependencies = [
    { name = "colorama", marker = "sys_platform == 'win32'" },
    { name = "iniconfig" },
    { name = "packaging" },
    { name = "pluggy" },
]
sdist = { url = "https://files.pythonhosted.org/packages/8b/6c/62bbd536103af674e227c41a8f3dcd022d591f6eed5facb5a0f31ee33bbc/pytest-8.3.3.tar.gz", hash = "sha256:70b98107bd648308a7952b06e6ca9a50bc660be218d53c257cc1fc94fda10181", size = 1442487, upload-time = "2024-09-10T10:52:15.003Z" }
wheels = [
    { url = "https://files.pythonhosted.org/packages/6b/77/7440a06a8ead44c7757a64362dd22df5760f9b12dc5f11b6188cd2fc27a0/pytest-8.3.3-py3-none-any.whl", hash = "sha256:a6853c7375b2663155079443d2e45de913a911a11d669df02a50814944db57b2", size = 342341, upload-time = "2024-09-10T10:52:12.54Z" },
]

[[package]]
name = "requests"
version = "2.32.3"
source = { registry = "https://pypi.org/simple" }
dependencies = [
    { name = "certifi" },
    { name = "charset-normalizer" },
    { name = "idna" },
    { name = "urllib3" },
]
sdist = { url = "https://files.pythonhosted.org/packages/63/70/2bf7780ad2d390a8d301ad0b550f1581eadbd9a20f896afe06353c2a2913/requests-2.32.3.tar.gz", hash = "sha256:55365417734eb18255590a9ff9eb97e9e1da868d4ccd6402399eaf68af20a760", size = 131218, upload-time = "2024-05-29T15:37:49.536Z" }
wheels = [
    { url = "https://files.pythonhosted.org/packages/f9/9b/335f9764261e915ed497fcdeb11df5dfd6f7bf257d4a6a2a686d80da4d54/requests-2.32.3-py3-none-any.whl", hash = "sha256:70761cfe03c773ceb22aa2f671b4757976145175cdfca038c02654d061d6dcc6", size = 64928, upload-time = "2024-05-29T15:37:47.027Z" },
]

[[package]]
name = "ruff"
version = "0.6.8"
source = { registry = "https://pypi.org/simple" }
sdist = { url = "https://files.pythonhosted.org/packages/74/f9/4ce3e765a72ab8fe0f80f48508ea38b4196daab3da14d803c21349b2d367/ruff-0.6.8.tar.gz", hash = "sha256:a5bf44b1aa0adaf6d9d20f86162b34f7c593bfedabc51239953e446aefc8ce18", size = 3084543, upload-time = "2024-09-26T12:27:17.785Z" }
wheels = [
    { url = "https://files.pythonhosted.org/packages/db/07/42ee57e8b76ca585297a663a552b4f6d6a99372ca47fdc2276ef72cc0f2f/ruff-0.6.8-py3-none-linux_armv6l.whl", hash = "sha256:77944bca110ff0a43b768f05a529fecd0706aac7bcce36d7f1eeb4cbfca5f0f2", size = 10404327, upload-time = "2024-09-26T12:26:31.274Z" },
    { url = "https://files.pythonhosted.org/packages/eb/51/d42571ff8156d65086acb72d39aa64cb24181db53b497d0ed6293f43f07a/ruff-0.6.8-py3-none-macosx_10_12_x86_64.whl", hash = "sha256:27b87e1801e786cd6ede4ada3faa5e254ce774de835e6723fd94551464c56b8c", size = 10018797, upload-time = "2024-09-26T12:26:34.68Z" },
    { url = "https://files.pythonhosted.org/packages/c1/d7/fa5514a60b03976af972b67fe345deb0335dc96b9f9a9fa4df9890472427/ruff-0.6.8-py3-none-macosx_11_0_arm64.whl", hash = "sha256:cd48f945da2a6334f1793d7f701725a76ba93bf3d73c36f6b21fb04d5338dcf5", size = 9691303, upload-time = "2024-09-26T12:26:37.311Z" },
    { url = "https://files.pythonhosted.org/packages/d6/c4/d812a74976927e51d0782a47539069657ac78535779bfa4d061c4fc8d89d/ruff-0.6.8-py3-none-manylinux_2_17_aarch64.manylinux2014_aarch64.whl", hash = "sha256:677e03c00f37c66cea033274295a983c7c546edea5043d0c798833adf4cf4c6f", size = 10719452, upload-time = "2024-09-26T12:26:40.24Z" },
    { url = "https://files.pythonhosted.org/packages/ec/b6/aa700c4ae6db9b3ee660e23f3c7db596e2b16a3034b797704fba33ddbc96/ruff-0.6.8-py3-none-manylinux_2_17_armv7l.manylinux2014_armv7l.whl", hash = "sha256:9f1476236b3eacfacfc0f66aa9e6cd39f2a624cb73ea99189556015f27c0bdeb", size = 10161353, upload-time = "2024-09-26T12:26:42.464Z" },
    { url = "https://files.pythonhosted.org/packages/ea/39/0b10075ffcd52ff3a581b9b69eac53579deb230aad300ce8f9d0b58e77bc/ruff-0.6.8-py3-none-manylinux_2_17_i686.manylinux2014_i686.whl", hash = "sha256:6f5a2f17c7d32991169195d52a04c95b256378bbf0de8cb98478351eb70d526f", size = 10980630, upload-time = "2024-09-26T12:26:45.157Z" },
    { url = "https://files.pythonhosted.org/packages/c1/af/9eb9efc98334f62652e2f9318f137b2667187851911fac3b395365a83708/ruff-0.6.8-py3-none-manylinux_2_17_ppc64.manylinux2014_ppc64.whl", hash = "sha256:5fd0d4b7b1457c49e435ee1e437900ced9b35cb8dc5178921dfb7d98d65a08d0", size = 11768996, upload-time = "2024-09-26T12:26:47.987Z" },
    { url = "https://files.pythonhosted.org/packages/e0/59/8b1369cf7878358952b1c0a1559b4d6b5c824c003d09b0db26d26c9d094f/ruff-0.6.8-py3-none-manylinux_2_17_ppc64le.manylinux2014_ppc64le.whl", hash = "sha256:f8034b19b993e9601f2ddf2c517451e17a6ab5cdb1c13fdff50c1442a7171d87", size = 11317469, upload-time = "2024-09-26T12:26:50.487Z" },
    { url = "https://files.pythonhosted.org/packages/b9/6d/e252e9b11bbca4114c386ee41ad559d0dac13246201d77ea1223c6fea17f/ruff-0.6.8-py3-none-manylinux_2_17_s390x.manylinux2014_s390x.whl", hash = "sha256:6cfb227b932ba8ef6e56c9f875d987973cd5e35bc5d05f5abf045af78ad8e098", size = 12467185, upload-time = "2024-09-26T12:26:52.928Z" },
    { url = "https://files.pythonhosted.org/packages/48/44/7caa223af7d4ea0f0b2bd34acca65a7694a58317714675a2478815ab3f45/ruff-0.6.8-py3-none-manylinux_2_17_x86_64.manylinux2014_x86_64.whl", hash = "sha256:6ef0411eccfc3909269fed47c61ffebdcb84a04504bafa6b6df9b85c27e813b0", size = 10887766, upload-time = "2024-09-26T12:26:56.585Z" },
    { url = "https://files.pythonhosted.org/packages/81/ed/394aff3a785f171869158b9d5be61eec9ffb823c3ad5d2bdf2e5f13cb029/ruff-0.6.8-py3-none-musllinux_1_2_aarch64.whl", hash = "sha256:007dee844738c3d2e6c24ab5bc7d43c99ba3e1943bd2d95d598582e9c1b27750", size = 10711609, upload-time = "2024-09-26T12:26:59.23Z" },
    { url = "https://files.pythonhosted.org/packages/47/31/f31d04c842e54699eab7e3b864538fea26e6c94b71806cd10aa49f13e1c1/ruff-0.6.8-py3-none-musllinux_1_2_armv7l.whl", hash = "sha256:ce60058d3cdd8490e5e5471ef086b3f1e90ab872b548814e35930e21d848c9ce", size = 10237621, upload-time = "2024-09-26T12:27:01.862Z" },
    { url = "https://files.pythonhosted.org/packages/20/95/a764e84acf11d425f2f23b8b78b4fd715e9c20be4aac157c6414ca859a67/ruff-0.6.8-py3-none-musllinux_1_2_i686.whl", hash = "sha256:1085c455d1b3fdb8021ad534379c60353b81ba079712bce7a900e834859182fa", size = 10558329, upload-time = "2024-09-26T12:27:04.753Z" },
    { url = "https://files.pythonhosted.org/packages/2a/76/d4e38846ac9f6dd62dce858a54583911361b5339dcf8f84419241efac93a/ruff-0.6.8-py3-none-musllinux_1_2_x86_64.whl", hash = "sha256:70edf6a93b19481affd287d696d9e311388d808671bc209fb8907b46a8c3af44", size = 10954102, upload-time = "2024-09-26T12:27:07.111Z" },
    { url = "https://files.pythonhosted.org/packages/e7/36/f18c678da6c69f8d022480f3e8ddce6e4a52e07602c1d212056fbd234f8f/ruff-0.6.8-py3-none-win32.whl", hash = "sha256:792213f7be25316f9b46b854df80a77e0da87ec66691e8f012f887b4a671ab5a", size = 8511090, upload-time = "2024-09-26T12:27:10.199Z" },
    { url = "https://files.pythonhosted.org/packages/4c/c4/0ca7d8ffa358b109db7d7d045a1a076fd8e5d9cbeae022242d3c060931da/ruff-0.6.8-py3-none-win_amd64.whl", hash = "sha256:ec0517dc0f37cad14a5319ba7bba6e7e339d03fbf967a6d69b0907d61be7a263", size = 9350079, upload-time = "2024-09-26T12:27:13.123Z" },
    { url = "https://files.pythonhosted.org/packages/d9/bd/a8b0c64945a92eaeeb8d0283f27a726a776a1c9d12734d990c5fc7a1278c/ruff-0.6.8-py3-none-win_arm64.whl", hash = "sha256:8d3bb2e3fbb9875172119021a13eed38849e762499e3cfde9588e4b4d70968dc", size = 8669595, upload-time = "2024-09-26T12:27:15.464Z" },
]

[[package]]
name = "types-requests"
version = "2.32.0.20240914"
source = { registry = "https://pypi.org/simple" }
dependencies = [
    { name = "urllib3" },
]
sdist = { url = "https://files.pythonhosted.org/packages/9b/9e/aea33405c230cc3984c9f1065012d3a2003cef910730c367a0e91e7a4901/types-requests-2.32.0.20240914.tar.gz", hash = "sha256:2850e178db3919d9bf809e434eef65ba49d0e7e33ac92d588f4a5e295fffd405", size = 18030, upload-time = "2024-09-14T02:36:52.45Z" }
wheels = [
    { url = "https://files.pythonhosted.org/packages/8f/55/ea44dad71b9d92f86198f7448f5ba46ac919355f4f69bb1c0fa1af02b1b4/types_requests-2.32.0.20240914-py3-none-any.whl", hash = "sha256:59c2f673eb55f32a99b2894faf6020e1a9f4a402ad0f192bfee0b64469054310", size = 15838, upload-time = "2024-09-14T02:36:50.645Z" },
]

[[package]]
name = "typing-extensions"
version = "4.12.2"
source = { registry = "https://pypi.org/simple" }
sdist = { url = "https://files.pythonhosted.org/packages/df/db/f35a00659bc03fec321ba8bce9420de607a1d37f8342eee1863174c69557/typing_extensions-4.12.2.tar.gz", hash = "sha256:1a7ead55c7e559dd4dee8856e3a88b41225abfe1ce8df57b7c13915fe121ffb8", size = 85321, upload-time = "2024-06-07T18:52:15.995Z" }
wheels = [
    { url = "https://files.pythonhosted.org/packages/26/9f/ad63fc0248c5379346306f8668cda6e2e2e9c95e01216d2b8ffd9ff037d0/typing_extensions-4.12.2-py3-none-any.whl", hash = "sha256:04e5ca0351e0f3f85c6853954072df659d0d13fac324d0072316b67d7794700d", size = 37438, upload-time = "2024-06-07T18:52:13.582Z" },
]

[[package]]
name = "urllib3"
version = "2.2.3"
source = { registry = "https://pypi.org/simple" }
sdist = { url = "https://files.pythonhosted.org/packages/ed/63/22ba4ebfe7430b76388e7cd448d5478814d3032121827c12a2cc287e2260/urllib3-2.2.3.tar.gz", hash = "sha256:e7d814a81dad81e6caf2ec9fdedb284ecc9c73076b62654547cc64ccdcae26e9", size = 300677, upload-time = "2024-09-12T10:52:18.401Z" }
wheels = [
    { url = "https://files.pythonhosted.org/packages/ce/d9/5f4c13cecde62396b0d3fe530a50ccea91e7dfc1ccf0e09c228841bb5ba8/urllib3-2.2.3-py3-none-any.whl", hash = "sha256:ca899ca043dcb1bafa3e262d73aa25c465bfb49e0bd9dd5d59f1d0acba2f8fac", size = 126338, upload-time = "2024-09-12T10:52:16.589Z" },
]

[[package]]
name = "yarl"
version = "1.13.1"
source = { registry = "https://pypi.org/simple" }
dependencies = [
    { name = "idna" },
    { name = "multidict" },
]
sdist = { url = "https://files.pythonhosted.org/packages/e0/11/2b8334f4192646677a2e7da435670d043f536088af943ec242f31453e5ba/yarl-1.13.1.tar.gz", hash = "sha256:ec8cfe2295f3e5e44c51f57272afbd69414ae629ec7c6b27f5a410efc78b70a0", size = 165912, upload-time = "2024-09-27T20:12:02.201Z" }
wheels = [
    { url = "https://files.pythonhosted.org/packages/d3/d2/9542e6207a6e64c32b14b2d9ca4fad6ff80310fc75e70cdbe31680a758c2/yarl-1.13.1-cp313-cp313-macosx_10_13_universal2.whl", hash = "sha256:95c6737f28069153c399d875317f226bbdea939fd48a6349a3b03da6829fb550", size = 186266, upload-time = "2024-09-27T20:10:03.95Z" },
    { url = "https://files.pythonhosted.org/packages/8b/68/4c6d1aacbc23a05e84c3fab7aaa68c5a7d4531290021c2370fa1e5524fb1/yarl-1.13.1-cp313-cp313-macosx_10_13_x86_64.whl", hash = "sha256:cd66152561632ed4b2a9192e7f8e5a1d41e28f58120b4761622e0355f0fe034c", size = 114268, upload-time = "2024-09-27T20:10:05.932Z" },
    { url = "https://files.pythonhosted.org/packages/ed/87/6ad8e22c918d745092329ec427c0778b5c85ffd5b805e38750024b7464f2/yarl-1.13.1-cp313-cp313-macosx_11_0_arm64.whl", hash = "sha256:6a2acde25be0cf9be23a8f6cbd31734536a264723fca860af3ae5e89d771cd71", size = 112164, upload-time = "2024-09-27T20:10:11.542Z" },
    { url = "https://files.pythonhosted.org/packages/ca/5b/c6c4ac4be1edea6759f05ad74d87a1c61329737bdb90da5f66e188310461/yarl-1.13.1-cp313-cp313-manylinux_2_17_aarch64.manylinux2014_aarch64.whl", hash = "sha256:9a18595e6a2ee0826bf7dfdee823b6ab55c9b70e8f80f8b77c37e694288f5de1", size = 471437, upload-time = "2024-09-27T20:10:13.479Z" },
    { url = "https://files.pythonhosted.org/packages/c1/5c/ec7f0121a5fa67ee76325e1aaa27470d5521d80a25aa1bad5dde773edbe1/yarl-1.13.1-cp313-cp313-manylinux_2_17_ppc64le.manylinux2014_ppc64le.whl", hash = "sha256:a31d21089894942f7d9a8df166b495101b7258ff11ae0abec58e32daf8088813", size = 485894, upload-time = "2024-09-27T20:10:16.399Z" },
    { url = "https://files.pythonhosted.org/packages/d7/e8/624fc8082cbff62c537798ce837a6044f70e2e00472ab719deb376ff6e39/yarl-1.13.1-cp313-cp313-manylinux_2_17_s390x.manylinux2014_s390x.whl", hash = "sha256:45f209fb4bbfe8630e3d2e2052535ca5b53d4ce2d2026bed4d0637b0416830da", size = 486702, upload-time = "2024-09-27T20:10:19.422Z" },
    { url = "https://files.pythonhosted.org/packages/dc/18/013f7d2e3f0ff28b85299ed19164f899ea4f02da8812621a40937428bf48/yarl-1.13.1-cp313-cp313-manylinux_2_17_x86_64.manylinux2014_x86_64.whl", hash = "sha256:8f722f30366474a99745533cc4015b1781ee54b08de73260b2bbe13316079851", size = 478911, upload-time = "2024-09-27T20:10:21.539Z" },
    { url = "https://files.pythonhosted.org/packages/d7/3c/5b628939e3a22fb9375df453188e97190d21f6244c49637e19799896cd41/yarl-1.13.1-cp313-cp313-manylinux_2_5_i686.manylinux1_i686.manylinux_2_17_i686.manylinux2014_i686.whl", hash = "sha256:f3bf60444269345d712838bb11cc4eadaf51ff1a364ae39ce87a5ca8ad3bb2c8", size = 456488, upload-time = "2024-09-27T20:10:23.748Z" },
    { url = "https://files.pythonhosted.org/packages/8b/2b/a3548db86510c1d95bff344c1c588b84582eeb3a55ea15a149a24d7069f0/yarl-1.13.1-cp313-cp313-musllinux_1_2_aarch64.whl", hash = "sha256:942c80a832a79c3707cca46bd12ab8aa58fddb34b1626d42b05aa8f0bcefc206", size = 475016, upload-time = "2024-09-27T20:10:25.85Z" },
    { url = "https://files.pythonhosted.org/packages/d8/e2/e2a540f18f849909e3ee594766bf7b0a7fde176ff0cfb2f95121033752e2/yarl-1.13.1-cp313-cp313-musllinux_1_2_i686.whl", hash = "sha256:44b07e1690f010c3c01d353b5790ec73b2f59b4eae5b0000593199766b3f7a5c", size = 477521, upload-time = "2024-09-27T20:10:30.675Z" },
    { url = "https://files.pythonhosted.org/packages/3a/df/4cda4052da48a57ce4f20a0849b7344902aa3e149a0b409525509fc43985/yarl-1.13.1-cp313-cp313-musllinux_1_2_ppc64le.whl", hash = "sha256:396e59b8de7e4d59ff5507fb4322d2329865b909f29a7ed7ca37e63ade7f835c", size = 492000, upload-time = "2024-09-27T20:10:32.768Z" },
    { url = "https://files.pythonhosted.org/packages/bf/b6/180dbb0aa846cafb9ce89bd33c477e200dd00072c7775372f34651c20b9a/yarl-1.13.1-cp313-cp313-musllinux_1_2_s390x.whl", hash = "sha256:3bb83a0f12701c0b91112a11148b5217617982e1e466069d0555be9b372f2734", size = 502195, upload-time = "2024-09-27T20:10:35.204Z" },
    { url = "https://files.pythonhosted.org/packages/ff/37/e97c280344342e326a1860a70054a0488c379e8937325f97f9a9fe6b453d/yarl-1.13.1-cp313-cp313-musllinux_1_2_x86_64.whl", hash = "sha256:c92b89bffc660f1274779cb6fbb290ec1f90d6dfe14492523a0667f10170de26", size = 492892, upload-time = "2024-09-27T20:10:37.455Z" },
    { url = "https://files.pythonhosted.org/packages/ed/97/cd35f39ba8183ef193a6709aa0b2fcaabebd6915202d6999b01fa630b2bb/yarl-1.13.1-cp313-cp313-win32.whl", hash = "sha256:269c201bbc01d2cbba5b86997a1e0f73ba5e2f471cfa6e226bcaa7fd664b598d", size = 486463, upload-time = "2024-09-27T20:10:39.785Z" },
    { url = "https://files.pythonhosted.org/packages/05/33/bd9d33503a0f73d095b01ed438423b924e6786e90102ca4912e573cc5aa3/yarl-1.13.1-cp313-cp313-win_amd64.whl", hash = "sha256:1d0828e17fa701b557c6eaed5edbd9098eb62d8838344486248489ff233998b8", size = 493804, upload-time = "2024-09-27T20:10:41.949Z" },
    { url = "https://files.pythonhosted.org/packages/74/81/419c24f7c94f56b96d04955482efb5b381635ad265b5b7fbab333a9dfde3/yarl-1.13.1-py3-none-any.whl", hash = "sha256:6a5185ad722ab4dd52d5fb1f30dcc73282eb1ed494906a92d1a228d3f89607b0", size = 39862, upload-time = "2024-09-27T20:11:59.874Z" },
]
